{
  "version": 4,
  "terraform_version": "0.12.23",
  "serial": 99,
  "lineage": "951dfd46-35ae-b363-f348-e5353ceb1509",
  "outputs": {},
  "resources": [
    {
      "mode": "managed",
      "type": "aws_eip",
      "name": "nat",
      "provider": "provider.aws",
      "instances": []
    },
    {
      "mode": "managed",
      "type": "aws_internet_gateway",
      "name": "DevOps-IGW",
      "provider": "provider.aws",
      "instances": [
        {
          "schema_version": 0,
          "attributes": {
            "id": "igw-0176dc52b26a63b96",
            "owner_id": "457614808592",
            "tags": {
              "Name": "DevOps-IGW"
            },
            "vpc_id": "vpc-071de6568f2064751"
          },
          "private": "bnVsbA==",
          "dependencies": [
            "aws_vpc.DevOps-VPC"
          ]
        }
      ]
    },
    {
      "mode": "managed",
      "type": "aws_route_table",
      "name": "DevOps-Private-RT",
      "provider": "provider.aws",
      "instances": []
    },
    {
      "mode": "managed",
      "type": "aws_route_table",
      "name": "DevOps-Public-RT",
      "provider": "provider.aws",
      "instances": [
        {
          "schema_version": 0,
          "attributes": {
            "id": "rtb-017bf2d2777f3c981",
            "owner_id": "457614808592",
            "propagating_vgws": [],
            "route": [
              {
                "cidr_block": "0.0.0.0/0",
                "egress_only_gateway_id": "",
                "gateway_id": "igw-0176dc52b26a63b96",
                "instance_id": "",
                "ipv6_cidr_block": "",
                "nat_gateway_id": "",
                "network_interface_id": "",
                "transit_gateway_id": "",
                "vpc_peering_connection_id": ""
              }
            ],
            "tags": {
              "Name": "DevOps-Public-RT"
            },
            "vpc_id": "vpc-071de6568f2064751"
          },
          "private": "bnVsbA==",
          "dependencies": [
            "aws_internet_gateway.DevOps-IGW",
            "aws_vpc.DevOps-VPC"
          ]
        }
      ]
    },
    {
      "mode": "managed",
      "type": "aws_route_table_association",
      "name": "a",
      "each": "list",
      "provider": "provider.aws",
      "instances": [
        {
          "index_key": 0,
          "schema_version": 0,
          "attributes": {
            "gateway_id": null,
            "id": "rtbassoc-00922991472c318a8",
            "route_table_id": "rtb-017bf2d2777f3c981",
            "subnet_id": "subnet-0fe71548c2414be09"
          },
          "private": "bnVsbA==",
          "dependencies": [
            "aws_internet_gateway.DevOps-IGW",
            "aws_route_table.DevOps-Public-RT",
            "aws_subnet.public-subnet",
            "aws_vpc.DevOps-VPC"
          ]
        },
        {
          "index_key": 1,
          "schema_version": 0,
          "attributes": {
            "gateway_id": null,
            "id": "rtbassoc-0736b5a80a5a80aee",
            "route_table_id": "rtb-017bf2d2777f3c981",
            "subnet_id": "subnet-07e397af75d75e13a"
          },
          "private": "bnVsbA==",
          "dependencies": [
            "aws_internet_gateway.DevOps-IGW",
            "aws_route_table.DevOps-Public-RT",
            "aws_subnet.public-subnet",
            "aws_vpc.DevOps-VPC"
          ]
        }
      ]
    },
    {
      "mode": "managed",
      "type": "aws_route_table_association",
      "name": "b",
      "each": "list",
      "provider": "provider.aws",
      "instances": [
        {
          "index_key": 0,
          "schema_version": 0,
          "attributes": {
            "gateway_id": null,
            "id": "rtbassoc-0ebcdd72400c8d236",
            "route_table_id": "rtb-017bf2d2777f3c981",
            "subnet_id": "subnet-0f714e434044d0236"
          },
          "private": "bnVsbA==",
          "dependencies": [
            "aws_internet_gateway.DevOps-IGW",
            "aws_route_table.DevOps-Public-RT",
            "aws_subnet.private-subnet",
            "aws_vpc.DevOps-VPC"
          ]
        },
        {
          "index_key": 1,
          "schema_version": 0,
          "attributes": {
            "gateway_id": null,
            "id": "rtbassoc-02385a0b66d7894a2",
            "route_table_id": "rtb-017bf2d2777f3c981",
            "subnet_id": "subnet-073be5b3dcd567cb3"
          },
          "private": "bnVsbA==",
          "dependencies": [
            "aws_internet_gateway.DevOps-IGW",
            "aws_route_table.DevOps-Public-RT",
            "aws_subnet.private-subnet",
            "aws_vpc.DevOps-VPC"
          ]
        }
      ]
    },
    {
      "mode": "managed",
      "type": "aws_security_group",
      "name": "DevOps-EC2-SG",
      "provider": "provider.aws",
      "instances": [
        {
          "schema_version": 1,
          "attributes": {
            "arn": "arn:aws:ec2:ap-south-1:457614808592:security-group/sg-03abfee4a05d023a9",
            "description": "Used in the terraform",
            "egress": [
              {
                "cidr_blocks": [
                  "0.0.0.0/0"
                ],
                "description": "",
                "from_port": 0,
                "ipv6_cidr_blocks": [],
                "prefix_list_ids": [],
                "protocol": "-1",
                "security_groups": [],
                "self": false,
                "to_port": 0
              }
            ],
            "id": "sg-03abfee4a05d023a9",
            "ingress": [
              {
                "cidr_blocks": [
                  "0.0.0.0/0"
                ],
                "description": "",
                "from_port": 22,
                "ipv6_cidr_blocks": [],
                "prefix_list_ids": [],
                "protocol": "tcp",
                "security_groups": [],
                "self": false,
                "to_port": 22
              },
              {
                "cidr_blocks": [
                  "0.0.0.0/0"
                ],
                "description": "",
                "from_port": 8080,
                "ipv6_cidr_blocks": [],
                "prefix_list_ids": [],
                "protocol": "tcp",
                "security_groups": [],
                "self": false,
                "to_port": 8080
              },
              {
                "cidr_blocks": [
                  "0.0.0.0/0"
                ],
                "description": "",
                "from_port": 80,
                "ipv6_cidr_blocks": [],
                "prefix_list_ids": [],
                "protocol": "tcp",
                "security_groups": [],
                "self": false,
                "to_port": 80
              }
            ],
            "name": "DevOps-EC2-SG",
            "name_prefix": null,
            "owner_id": "457614808592",
            "revoke_rules_on_delete": false,
            "tags": {
              "Name": "DevOps-EC2-SG"
            },
            "timeouts": null,
            "vpc_id": "vpc-071de6568f2064751"
          },
          "private": "eyJlMmJmYjczMC1lY2FhLTExZTYtOGY4OC0zNDM2M2JjN2M0YzAiOnsiY3JlYXRlIjo2MDAwMDAwMDAwMDAsImRlbGV0ZSI6NjAwMDAwMDAwMDAwfSwic2NoZW1hX3ZlcnNpb24iOiIxIn0=",
          "dependencies": [
            "aws_vpc.DevOps-VPC"
          ]
        }
      ]
    },
    {
      "mode": "managed",
      "type": "aws_subnet",
      "name": "private-subnet",
      "each": "list",
      "provider": "provider.aws",
      "instances": [
        {
          "index_key": 0,
          "schema_version": 1,
          "attributes": {
            "arn": "arn:aws:ec2:ap-south-1:457614808592:subnet/subnet-0f714e434044d0236",
            "assign_ipv6_address_on_creation": false,
            "availability_zone": "ap-south-1a",
            "availability_zone_id": "aps1-az1",
            "cidr_block": "10.10.3.0/24",
            "id": "subnet-0f714e434044d0236",
            "ipv6_cidr_block": "",
            "ipv6_cidr_block_association_id": "",
            "map_public_ip_on_launch": false,
            "outpost_arn": "",
            "owner_id": "457614808592",
            "tags": {
              "Name": "DevOps-Private-Subnet1"
            },
            "timeouts": null,
            "vpc_id": "vpc-071de6568f2064751"
          },
          "private": "eyJlMmJmYjczMC1lY2FhLTExZTYtOGY4OC0zNDM2M2JjN2M0YzAiOnsiY3JlYXRlIjo2MDAwMDAwMDAwMDAsImRlbGV0ZSI6MTIwMDAwMDAwMDAwMH0sInNjaGVtYV92ZXJzaW9uIjoiMSJ9",
          "dependencies": [
            "aws_vpc.DevOps-VPC"
          ]
        },
        {
          "index_key": 1,
          "schema_version": 1,
          "attributes": {
            "arn": "arn:aws:ec2:ap-south-1:457614808592:subnet/subnet-073be5b3dcd567cb3",
            "assign_ipv6_address_on_creation": false,
            "availability_zone": "ap-south-1b",
            "availability_zone_id": "aps1-az3",
            "cidr_block": "10.10.4.0/24",
            "id": "subnet-073be5b3dcd567cb3",
            "ipv6_cidr_block": "",
            "ipv6_cidr_block_association_id": "",
            "map_public_ip_on_launch": false,
            "outpost_arn": "",
            "owner_id": "457614808592",
            "tags": {
              "Name": "DevOps-Private-Subnet2"
            },
            "timeouts": null,
            "vpc_id": "vpc-071de6568f2064751"
          },
          "private": "eyJlMmJmYjczMC1lY2FhLTExZTYtOGY4OC0zNDM2M2JjN2M0YzAiOnsiY3JlYXRlIjo2MDAwMDAwMDAwMDAsImRlbGV0ZSI6MTIwMDAwMDAwMDAwMH0sInNjaGVtYV92ZXJzaW9uIjoiMSJ9",
          "dependencies": [
            "aws_vpc.DevOps-VPC"
          ]
        }
      ]
    },
    {
      "mode": "managed",
      "type": "aws_subnet",
      "name": "public-subnet",
      "each": "list",
      "provider": "provider.aws",
      "instances": [
        {
          "index_key": 0,
          "schema_version": 1,
          "attributes": {
            "arn": "arn:aws:ec2:ap-south-1:457614808592:subnet/subnet-0fe71548c2414be09",
            "assign_ipv6_address_on_creation": false,
            "availability_zone": "ap-south-1a",
            "availability_zone_id": "aps1-az1",
            "cidr_block": "10.10.1.0/24",
            "id": "subnet-0fe71548c2414be09",
            "ipv6_cidr_block": "",
            "ipv6_cidr_block_association_id": "",
            "map_public_ip_on_launch": true,
            "outpost_arn": "",
            "owner_id": "457614808592",
            "tags": {
              "Name": "DevOps-Public-Subnet1"
            },
            "timeouts": null,
            "vpc_id": "vpc-071de6568f2064751"
          },
          "private": "eyJlMmJmYjczMC1lY2FhLTExZTYtOGY4OC0zNDM2M2JjN2M0YzAiOnsiY3JlYXRlIjo2MDAwMDAwMDAwMDAsImRlbGV0ZSI6MTIwMDAwMDAwMDAwMH0sInNjaGVtYV92ZXJzaW9uIjoiMSJ9",
          "dependencies": [
            "aws_vpc.DevOps-VPC"
          ]
        },
        {
          "index_key": 1,
          "schema_version": 1,
          "attributes": {
            "arn": "arn:aws:ec2:ap-south-1:457614808592:subnet/subnet-07e397af75d75e13a",
            "assign_ipv6_address_on_creation": false,
            "availability_zone": "ap-south-1b",
            "availability_zone_id": "aps1-az3",
            "cidr_block": "10.10.2.0/24",
            "id": "subnet-07e397af75d75e13a",
            "ipv6_cidr_block": "",
            "ipv6_cidr_block_association_id": "",
            "map_public_ip_on_launch": true,
            "outpost_arn": "",
            "owner_id": "457614808592",
            "tags": {
              "Name": "DevOps-Public-Subnet2"
            },
            "timeouts": null,
            "vpc_id": "vpc-071de6568f2064751"
          },
          "private": "eyJlMmJmYjczMC1lY2FhLTExZTYtOGY4OC0zNDM2M2JjN2M0YzAiOnsiY3JlYXRlIjo2MDAwMDAwMDAwMDAsImRlbGV0ZSI6MTIwMDAwMDAwMDAwMH0sInNjaGVtYV92ZXJzaW9uIjoiMSJ9",
          "dependencies": [
            "aws_vpc.DevOps-VPC"
          ]
        }
      ]
    },
    {
      "mode": "managed",
      "type": "aws_vpc",
      "name": "DevOps-VPC",
      "provider": "provider.aws",
      "instances": [
        {
          "schema_version": 1,
          "attributes": {
            "arn": "arn:aws:ec2:ap-south-1:457614808592:vpc/vpc-071de6568f2064751",
            "assign_generated_ipv6_cidr_block": false,
            "cidr_block": "10.10.0.0/16",
            "default_network_acl_id": "acl-02aa7c790d40c17d2",
            "default_route_table_id": "rtb-08a7e189c70c787b9",
            "default_security_group_id": "sg-0eb7547562d95791f",
            "dhcp_options_id": "dopt-0674cce28fa719edf",
            "enable_classiclink": null,
            "enable_classiclink_dns_support": null,
            "enable_dns_hostnames": false,
            "enable_dns_support": true,
            "id": "vpc-071de6568f2064751",
            "instance_tenancy": "default",
            "ipv6_association_id": "",
            "ipv6_cidr_block": "",
            "main_route_table_id": "rtb-08a7e189c70c787b9",
            "owner_id": "457614808592",
            "tags": {
              "Name": "DevOps-VPC"
            }
          },
          "private": "eyJzY2hlbWFfdmVyc2lvbiI6IjEifQ=="
        }
      ]
    }
  ]
}
