{
  "version": 4,
  "terraform_version": "0.12.23",
  "serial": 114,
  "lineage": "951dfd46-35ae-b363-f348-e5353ceb1509",
  "outputs": {
    "Appserver1_ip": {
      "value": "10.10.3.175",
      "type": "string"
    },
    "Appserver2_ip": {
      "value": "10.10.4.82",
      "type": "string"
    },
    "NatInstance_ip": {
      "value": "13.234.239.214",
      "type": "string"
    },
    "Webserver1_ip": {
      "value": "13.235.245.244",
      "type": "string"
    },
    "Webserver2_ip": {
      "value": "3.7.68.62",
      "type": "string"
    },
    "address": {
      "value": "tf-lb-20200427172956067700000003-2032234716.ap-south-1.elb.amazonaws.com",
      "type": "string"
    },
    "nat_instance_id": {
      "value": "i-024cb14bfa083d642",
      "type": "string"
    }
  },
  "resources": [
    {
      "mode": "managed",
      "type": "aws_eip",
      "name": "nat",
      "provider": "provider.aws",
      "instances": [
        {
          "schema_version": 0,
          "attributes": {
            "allocation_id": null,
            "associate_with_private_ip": null,
            "association_id": "eipassoc-0c37085cc0ddd7800",
            "domain": "vpc",
            "id": "eipalloc-0a927121a74cc44c1",
            "instance": "i-024cb14bfa083d642",
            "network_interface": "eni-0369b84cbb06c02ad",
            "private_dns": "ip-10-10-1-134.ap-south-1.compute.internal",
            "private_ip": "10.10.1.134",
            "public_dns": "ec2-3-7-150-132.ap-south-1.compute.amazonaws.com",
            "public_ip": "3.7.150.132",
            "public_ipv4_pool": "amazon",
            "tags": null,
            "timeouts": null,
            "vpc": true
          },
          "private": "eyJlMmJmYjczMC1lY2FhLTExZTYtOGY4OC0zNDM2M2JjN2M0YzAiOnsiZGVsZXRlIjoxODAwMDAwMDAwMDAsInJlYWQiOjkwMDAwMDAwMDAwMCwidXBkYXRlIjozMDAwMDAwMDAwMDB9fQ==",
          "dependencies": [
            "aws_instance.DevOps-Nat",
            "aws_security_group.DevOps-EC2-SG",
            "aws_subnet.public-subnet",
            "aws_vpc.DevOps-VPC"
          ]
        }
      ]
    },
    {
      "mode": "managed",
      "type": "aws_elb",
      "name": "DevOps-ELB",
      "provider": "provider.aws",
      "instances": [
        {
          "schema_version": 0,
          "attributes": {
            "access_logs": [],
            "arn": "arn:aws:elasticloadbalancing:ap-south-1:437350138466:loadbalancer/tf-lb-20200427172956067700000003",
            "availability_zones": [
              "ap-south-1a",
              "ap-south-1b"
            ],
            "connection_draining": true,
            "connection_draining_timeout": 400,
            "cross_zone_load_balancing": true,
            "dns_name": "tf-lb-20200427172956067700000003-2032234716.ap-south-1.elb.amazonaws.com",
            "health_check": [
              {
                "healthy_threshold": 2,
                "interval": 30,
                "target": "HTTP:80/",
                "timeout": 3,
                "unhealthy_threshold": 2
              }
            ],
            "id": "tf-lb-20200427172956067700000003",
            "idle_timeout": 400,
            "instances": [],
            "internal": false,
            "listener": [
              {
                "instance_port": 80,
                "instance_protocol": "http",
                "lb_port": 80,
                "lb_protocol": "http",
                "ssl_certificate_id": ""
              }
            ],
            "name": "tf-lb-20200427172956067700000003",
            "name_prefix": null,
            "security_groups": [
              "sg-09c581cb06011eca8"
            ],
            "source_security_group": "437350138466/terraform-20200427172953272100000001",
            "source_security_group_id": "sg-09c581cb06011eca8",
            "subnets": [
              "subnet-01f613e517d833926",
              "subnet-0eae7594cc9305439"
            ],
            "tags": {
              "Name": "DevOps-ELB"
            },
            "zone_id": "ZP97RAFLXTNZK"
          },
          "private": "bnVsbA==",
          "dependencies": [
            "aws_security_group.DevOps-ELB-SG",
            "aws_subnet.public-subnet",
            "aws_vpc.DevOps-VPC"
          ]
        }
      ]
    },
    {
      "mode": "managed",
      "type": "aws_elb_attachment",
      "name": "DevOps-ELB-Attachment",
      "each": "list",
      "provider": "provider.aws",
      "instances": [
        {
          "index_key": 0,
          "schema_version": 0,
          "attributes": {
            "elb": "tf-lb-20200427172956067700000003",
            "id": "tf-lb-20200427172956067700000003-20200427173030031600000004",
            "instance": "i-06e947b4d0d574f33"
          },
          "private": "bnVsbA==",
          "dependencies": [
            "aws_elb.DevOps-ELB",
            "aws_instance.DevOps-WebServer1",
            "aws_instance.DevOps-WebServer2",
            "aws_security_group.DevOps-EC2-SG",
            "aws_security_group.DevOps-ELB-SG",
            "aws_subnet.public-subnet",
            "aws_vpc.DevOps-VPC"
          ]
        },
        {
          "index_key": 1,
          "schema_version": 0,
          "attributes": {
            "elb": "tf-lb-20200427172956067700000003",
            "id": "tf-lb-20200427172956067700000003-20200427173030031800000005",
            "instance": "i-00fe61a40a08004f7"
          },
          "private": "bnVsbA==",
          "dependencies": [
            "aws_elb.DevOps-ELB",
            "aws_instance.DevOps-WebServer1",
            "aws_instance.DevOps-WebServer2",
            "aws_security_group.DevOps-EC2-SG",
            "aws_security_group.DevOps-ELB-SG",
            "aws_subnet.public-subnet",
            "aws_vpc.DevOps-VPC"
          ]
        }
      ]
    },
    {
      "mode": "managed",
      "type": "aws_instance",
      "name": "DevOps-AppServer1",
      "provider": "provider.aws",
      "instances": [
        {
          "schema_version": 1,
          "attributes": {
            "ami": "ami-0620d12a9cf777c87",
            "arn": "arn:aws:ec2:ap-south-1:437350138466:instance/i-07b776292857fc002",
            "associate_public_ip_address": false,
            "availability_zone": "ap-south-1a",
            "cpu_core_count": 1,
            "cpu_threads_per_core": 1,
            "credit_specification": [
              {
                "cpu_credits": "standard"
              }
            ],
            "disable_api_termination": false,
            "ebs_block_device": [],
            "ebs_optimized": false,
            "ephemeral_block_device": [],
            "get_password_data": false,
            "hibernation": false,
            "host_id": null,
            "iam_instance_profile": "",
            "id": "i-07b776292857fc002",
            "instance_initiated_shutdown_behavior": null,
            "instance_state": "running",
            "instance_type": "t2.micro",
            "ipv6_address_count": 0,
            "ipv6_addresses": [],
            "key_name": "MyLinuxAwskey",
            "metadata_options": [
              {
                "http_endpoint": "enabled",
                "http_put_response_hop_limit": 1,
                "http_tokens": "optional"
              }
            ],
            "monitoring": false,
            "network_interface": [],
            "network_interface_id": null,
            "password_data": "",
            "placement_group": "",
            "primary_network_interface_id": "eni-04bdc6d0f41a00c62",
            "private_dns": "ip-10-10-3-175.ap-south-1.compute.internal",
            "private_ip": "10.10.3.175",
            "public_dns": "",
            "public_ip": "",
            "root_block_device": [
              {
                "delete_on_termination": true,
                "device_name": "/dev/sda1",
                "encrypted": false,
                "iops": 100,
                "kms_key_id": "",
                "volume_id": "vol-07d136d7fa9be849b",
                "volume_size": 8,
                "volume_type": "gp2"
              }
            ],
            "security_groups": [],
            "source_dest_check": true,
            "subnet_id": "subnet-023e4a862f89e9144",
            "tags": {
              "Name": "DevOps-AppServer1"
            },
            "tenancy": "default",
            "timeouts": null,
            "user_data": "5aecee4a12acb74f6c3697a576ec420e316e30e9",
            "user_data_base64": null,
            "volume_tags": {},
            "vpc_security_group_ids": [
              "sg-0f736e37ffad43238"
            ]
          },
          "private": "eyJlMmJmYjczMC1lY2FhLTExZTYtOGY4OC0zNDM2M2JjN2M0YzAiOnsiY3JlYXRlIjo2MDAwMDAwMDAwMDAsImRlbGV0ZSI6MTIwMDAwMDAwMDAwMCwidXBkYXRlIjo2MDAwMDAwMDAwMDB9LCJzY2hlbWFfdmVyc2lvbiI6IjEifQ==",
          "dependencies": [
            "aws_security_group.DevOps-EC2-SG",
            "aws_subnet.private-subnet",
            "aws_vpc.DevOps-VPC"
          ]
        }
      ]
    },
    {
      "mode": "managed",
      "type": "aws_instance",
      "name": "DevOps-AppServer2",
      "provider": "provider.aws",
      "instances": [
        {
          "schema_version": 1,
          "attributes": {
            "ami": "ami-0620d12a9cf777c87",
            "arn": "arn:aws:ec2:ap-south-1:437350138466:instance/i-01b4d4c35fe7c2e62",
            "associate_public_ip_address": false,
            "availability_zone": "ap-south-1b",
            "cpu_core_count": 1,
            "cpu_threads_per_core": 1,
            "credit_specification": [
              {
                "cpu_credits": "standard"
              }
            ],
            "disable_api_termination": false,
            "ebs_block_device": [],
            "ebs_optimized": false,
            "ephemeral_block_device": [],
            "get_password_data": false,
            "hibernation": false,
            "host_id": null,
            "iam_instance_profile": "",
            "id": "i-01b4d4c35fe7c2e62",
            "instance_initiated_shutdown_behavior": null,
            "instance_state": "running",
            "instance_type": "t2.micro",
            "ipv6_address_count": 0,
            "ipv6_addresses": [],
            "key_name": "MyLinuxAwskey",
            "metadata_options": [
              {
                "http_endpoint": "enabled",
                "http_put_response_hop_limit": 1,
                "http_tokens": "optional"
              }
            ],
            "monitoring": false,
            "network_interface": [],
            "network_interface_id": null,
            "password_data": "",
            "placement_group": "",
            "primary_network_interface_id": "eni-0f3b7121ed360990a",
            "private_dns": "ip-10-10-4-82.ap-south-1.compute.internal",
            "private_ip": "10.10.4.82",
            "public_dns": "",
            "public_ip": "",
            "root_block_device": [
              {
                "delete_on_termination": true,
                "device_name": "/dev/sda1",
                "encrypted": false,
                "iops": 100,
                "kms_key_id": "",
                "volume_id": "vol-056e66692e1832a2f",
                "volume_size": 8,
                "volume_type": "gp2"
              }
            ],
            "security_groups": [],
            "source_dest_check": true,
            "subnet_id": "subnet-0111395eec02e3d82",
            "tags": {
              "Name": "DevOps-AppServer2"
            },
            "tenancy": "default",
            "timeouts": null,
            "user_data": null,
            "user_data_base64": null,
            "volume_tags": {},
            "vpc_security_group_ids": [
              "sg-0f736e37ffad43238"
            ]
          },
          "private": "eyJlMmJmYjczMC1lY2FhLTExZTYtOGY4OC0zNDM2M2JjN2M0YzAiOnsiY3JlYXRlIjo2MDAwMDAwMDAwMDAsImRlbGV0ZSI6MTIwMDAwMDAwMDAwMCwidXBkYXRlIjo2MDAwMDAwMDAwMDB9LCJzY2hlbWFfdmVyc2lvbiI6IjEifQ==",
          "dependencies": [
            "aws_security_group.DevOps-EC2-SG",
            "aws_subnet.private-subnet",
            "aws_vpc.DevOps-VPC"
          ]
        }
      ]
    },
    {
      "mode": "managed",
      "type": "aws_instance",
      "name": "DevOps-Nat",
      "provider": "provider.aws",
      "instances": [
        {
          "schema_version": 1,
          "attributes": {
            "ami": "ami-0361dc268daa6508c",
            "arn": "arn:aws:ec2:ap-south-1:437350138466:instance/i-024cb14bfa083d642",
            "associate_public_ip_address": true,
            "availability_zone": "ap-south-1a",
            "cpu_core_count": 1,
            "cpu_threads_per_core": 1,
            "credit_specification": [
              {
                "cpu_credits": "standard"
              }
            ],
            "disable_api_termination": false,
            "ebs_block_device": [],
            "ebs_optimized": false,
            "ephemeral_block_device": [],
            "get_password_data": false,
            "hibernation": false,
            "host_id": null,
            "iam_instance_profile": "",
            "id": "i-024cb14bfa083d642",
            "instance_initiated_shutdown_behavior": null,
            "instance_state": "running",
            "instance_type": "t2.micro",
            "ipv6_address_count": 0,
            "ipv6_addresses": [],
            "key_name": "MyLinuxAwskey",
            "metadata_options": [
              {
                "http_endpoint": "enabled",
                "http_put_response_hop_limit": 1,
                "http_tokens": "optional"
              }
            ],
            "monitoring": false,
            "network_interface": [],
            "network_interface_id": null,
            "password_data": "",
            "placement_group": "",
            "primary_network_interface_id": "eni-0369b84cbb06c02ad",
            "private_dns": "ip-10-10-1-134.ap-south-1.compute.internal",
            "private_ip": "10.10.1.134",
            "public_dns": "",
            "public_ip": "13.234.239.214",
            "root_block_device": [
              {
                "delete_on_termination": true,
                "device_name": "/dev/xvda",
                "encrypted": false,
                "iops": 0,
                "kms_key_id": "",
                "volume_id": "vol-03cc93573af6d6db6",
                "volume_size": 8,
                "volume_type": "standard"
              }
            ],
            "security_groups": [],
            "source_dest_check": false,
            "subnet_id": "subnet-0eae7594cc9305439",
            "tags": {
              "Name": "DevOps-Nat"
            },
            "tenancy": "default",
            "timeouts": null,
            "user_data": null,
            "user_data_base64": null,
            "volume_tags": {},
            "vpc_security_group_ids": [
              "sg-0f736e37ffad43238"
            ]
          },
          "private": "eyJlMmJmYjczMC1lY2FhLTExZTYtOGY4OC0zNDM2M2JjN2M0YzAiOnsiY3JlYXRlIjo2MDAwMDAwMDAwMDAsImRlbGV0ZSI6MTIwMDAwMDAwMDAwMCwidXBkYXRlIjo2MDAwMDAwMDAwMDB9LCJzY2hlbWFfdmVyc2lvbiI6IjEifQ==",
          "dependencies": [
            "aws_security_group.DevOps-EC2-SG",
            "aws_subnet.public-subnet",
            "aws_vpc.DevOps-VPC"
          ]
        }
      ]
    },
    {
      "mode": "managed",
      "type": "aws_instance",
      "name": "DevOps-WebServer1",
      "provider": "provider.aws",
      "instances": [
        {
          "schema_version": 1,
          "attributes": {
            "ami": "ami-0620d12a9cf777c87",
            "arn": "arn:aws:ec2:ap-south-1:437350138466:instance/i-06e947b4d0d574f33",
            "associate_public_ip_address": true,
            "availability_zone": "ap-south-1a",
            "cpu_core_count": 1,
            "cpu_threads_per_core": 1,
            "credit_specification": [
              {
                "cpu_credits": "standard"
              }
            ],
            "disable_api_termination": false,
            "ebs_block_device": [],
            "ebs_optimized": false,
            "ephemeral_block_device": [],
            "get_password_data": false,
            "hibernation": false,
            "host_id": null,
            "iam_instance_profile": "",
            "id": "i-06e947b4d0d574f33",
            "instance_initiated_shutdown_behavior": null,
            "instance_state": "running",
            "instance_type": "t2.micro",
            "ipv6_address_count": 0,
            "ipv6_addresses": [],
            "key_name": "MyLinuxAwskey",
            "metadata_options": [
              {
                "http_endpoint": "enabled",
                "http_put_response_hop_limit": 1,
                "http_tokens": "optional"
              }
            ],
            "monitoring": false,
            "network_interface": [],
            "network_interface_id": null,
            "password_data": "",
            "placement_group": "",
            "primary_network_interface_id": "eni-099741a64e4961a76",
            "private_dns": "ip-10-10-1-215.ap-south-1.compute.internal",
            "private_ip": "10.10.1.215",
            "public_dns": "",
            "public_ip": "13.235.245.244",
            "root_block_device": [
              {
                "delete_on_termination": true,
                "device_name": "/dev/sda1",
                "encrypted": false,
                "iops": 100,
                "kms_key_id": "",
                "volume_id": "vol-0014505e42f68af80",
                "volume_size": 8,
                "volume_type": "gp2"
              }
            ],
            "security_groups": [],
            "source_dest_check": true,
            "subnet_id": "subnet-0eae7594cc9305439",
            "tags": {
              "Name": "DevOps-WebServer1"
            },
            "tenancy": "default",
            "timeouts": null,
            "user_data": "4b1c547dd7e1d10fd44ca6c36273f129762faa54",
            "user_data_base64": null,
            "volume_tags": {},
            "vpc_security_group_ids": [
              "sg-0f736e37ffad43238"
            ]
          },
          "private": "eyJlMmJmYjczMC1lY2FhLTExZTYtOGY4OC0zNDM2M2JjN2M0YzAiOnsiY3JlYXRlIjo2MDAwMDAwMDAwMDAsImRlbGV0ZSI6MTIwMDAwMDAwMDAwMCwidXBkYXRlIjo2MDAwMDAwMDAwMDB9LCJzY2hlbWFfdmVyc2lvbiI6IjEifQ==",
          "dependencies": [
            "aws_security_group.DevOps-EC2-SG",
            "aws_subnet.public-subnet",
            "aws_vpc.DevOps-VPC"
          ]
        }
      ]
    },
    {
      "mode": "managed",
      "type": "aws_instance",
      "name": "DevOps-WebServer2",
      "provider": "provider.aws",
      "instances": [
        {
          "schema_version": 1,
          "attributes": {
            "ami": "ami-0620d12a9cf777c87",
            "arn": "arn:aws:ec2:ap-south-1:437350138466:instance/i-00fe61a40a08004f7",
            "associate_public_ip_address": true,
            "availability_zone": "ap-south-1b",
            "cpu_core_count": 1,
            "cpu_threads_per_core": 1,
            "credit_specification": [
              {
                "cpu_credits": "standard"
              }
            ],
            "disable_api_termination": false,
            "ebs_block_device": [],
            "ebs_optimized": false,
            "ephemeral_block_device": [],
            "get_password_data": false,
            "hibernation": false,
            "host_id": null,
            "iam_instance_profile": "",
            "id": "i-00fe61a40a08004f7",
            "instance_initiated_shutdown_behavior": null,
            "instance_state": "running",
            "instance_type": "t2.micro",
            "ipv6_address_count": 0,
            "ipv6_addresses": [],
            "key_name": "MyLinuxAwskey",
            "metadata_options": [
              {
                "http_endpoint": "enabled",
                "http_put_response_hop_limit": 1,
                "http_tokens": "optional"
              }
            ],
            "monitoring": false,
            "network_interface": [],
            "network_interface_id": null,
            "password_data": "",
            "placement_group": "",
            "primary_network_interface_id": "eni-0ba2576bb0ec0af16",
            "private_dns": "ip-10-10-2-224.ap-south-1.compute.internal",
            "private_ip": "10.10.2.224",
            "public_dns": "",
            "public_ip": "3.7.68.62",
            "root_block_device": [
              {
                "delete_on_termination": true,
                "device_name": "/dev/sda1",
                "encrypted": false,
                "iops": 100,
                "kms_key_id": "",
                "volume_id": "vol-01139a69c621f2b30",
                "volume_size": 8,
                "volume_type": "gp2"
              }
            ],
            "security_groups": [],
            "source_dest_check": true,
            "subnet_id": "subnet-01f613e517d833926",
            "tags": {
              "Name": "DevOps-WebServer2"
            },
            "tenancy": "default",
            "timeouts": null,
            "user_data": "41d3694fc133a2f5cb7de49d36ce2899f47b806e",
            "user_data_base64": null,
            "volume_tags": {},
            "vpc_security_group_ids": [
              "sg-0f736e37ffad43238"
            ]
          },
          "private": "eyJlMmJmYjczMC1lY2FhLTExZTYtOGY4OC0zNDM2M2JjN2M0YzAiOnsiY3JlYXRlIjo2MDAwMDAwMDAwMDAsImRlbGV0ZSI6MTIwMDAwMDAwMDAwMCwidXBkYXRlIjo2MDAwMDAwMDAwMDB9LCJzY2hlbWFfdmVyc2lvbiI6IjEifQ==",
          "dependencies": [
            "aws_security_group.DevOps-EC2-SG",
            "aws_subnet.public-subnet",
            "aws_vpc.DevOps-VPC"
          ]
        }
      ]
    },
    {
      "mode": "managed",
      "type": "aws_internet_gateway",
      "name": "DevOps-IGW",
      "provider": "provider.aws",
      "instances": [
        {
          "schema_version": 0,
          "attributes": {
            "id": "igw-0e69daf72ca4350b2",
            "owner_id": "437350138466",
            "tags": {
              "Name": "DevOps-IGW"
            },
            "vpc_id": "vpc-0a4d7c2d8df419422"
          },
          "private": "bnVsbA==",
          "dependencies": [
            "aws_vpc.DevOps-VPC"
          ]
        }
      ]
    },
    {
      "mode": "managed",
      "type": "aws_route_table",
      "name": "DevOps-Private-RT",
      "provider": "provider.aws",
      "instances": [
        {
          "schema_version": 0,
          "attributes": {
            "id": "rtb-0b3380458f435432a",
            "owner_id": "437350138466",
            "propagating_vgws": [],
            "route": [
              {
                "cidr_block": "0.0.0.0/0",
                "egress_only_gateway_id": "",
                "gateway_id": "",
                "instance_id": "i-024cb14bfa083d642",
                "ipv6_cidr_block": "",
                "nat_gateway_id": "",
                "network_interface_id": "",
                "transit_gateway_id": "",
                "vpc_peering_connection_id": ""
              }
            ],
            "tags": {
              "Name": "DevOps-Private-RT"
            },
            "vpc_id": "vpc-0a4d7c2d8df419422"
          },
          "private": "bnVsbA==",
          "dependencies": [
            "aws_instance.DevOps-Nat",
            "aws_security_group.DevOps-EC2-SG",
            "aws_subnet.public-subnet",
            "aws_vpc.DevOps-VPC"
          ]
        }
      ]
    },
    {
      "mode": "managed",
      "type": "aws_route_table",
      "name": "DevOps-Public-RT",
      "provider": "provider.aws",
      "instances": [
        {
          "schema_version": 0,
          "attributes": {
            "id": "rtb-08ad388dded91b5ba",
            "owner_id": "437350138466",
            "propagating_vgws": [],
            "route": [
              {
                "cidr_block": "0.0.0.0/0",
                "egress_only_gateway_id": "",
                "gateway_id": "igw-0e69daf72ca4350b2",
                "instance_id": "",
                "ipv6_cidr_block": "",
                "nat_gateway_id": "",
                "network_interface_id": "",
                "transit_gateway_id": "",
                "vpc_peering_connection_id": ""
              }
            ],
            "tags": {
              "Name": "DevOps-Public-RT"
            },
            "vpc_id": "vpc-0a4d7c2d8df419422"
          },
          "private": "bnVsbA==",
          "dependencies": [
            "aws_internet_gateway.DevOps-IGW",
            "aws_vpc.DevOps-VPC"
          ]
        }
      ]
    },
    {
      "mode": "managed",
      "type": "aws_route_table_association",
      "name": "a",
      "each": "list",
      "provider": "provider.aws",
      "instances": [
        {
          "index_key": 0,
          "schema_version": 0,
          "attributes": {
            "gateway_id": null,
            "id": "rtbassoc-09b3f388ed750675a",
            "route_table_id": "rtb-08ad388dded91b5ba",
            "subnet_id": "subnet-0eae7594cc9305439"
          },
          "private": "bnVsbA==",
          "dependencies": [
            "aws_internet_gateway.DevOps-IGW",
            "aws_route_table.DevOps-Public-RT",
            "aws_subnet.public-subnet",
            "aws_vpc.DevOps-VPC"
          ]
        },
        {
          "index_key": 1,
          "schema_version": 0,
          "attributes": {
            "gateway_id": null,
            "id": "rtbassoc-09be27937b52455a9",
            "route_table_id": "rtb-08ad388dded91b5ba",
            "subnet_id": "subnet-01f613e517d833926"
          },
          "private": "bnVsbA==",
          "dependencies": [
            "aws_internet_gateway.DevOps-IGW",
            "aws_route_table.DevOps-Public-RT",
            "aws_subnet.public-subnet",
            "aws_vpc.DevOps-VPC"
          ]
        }
      ]
    },
    {
      "mode": "managed",
      "type": "aws_route_table_association",
      "name": "b",
      "each": "list",
      "provider": "provider.aws",
      "instances": [
        {
          "index_key": 0,
          "schema_version": 0,
          "attributes": {
            "gateway_id": null,
            "id": "rtbassoc-0a207a4f8099fe1f6",
            "route_table_id": "rtb-0b3380458f435432a",
            "subnet_id": "subnet-023e4a862f89e9144"
          },
          "private": "bnVsbA==",
          "dependencies": [
            "aws_instance.DevOps-Nat",
            "aws_route_table.DevOps-Private-RT",
            "aws_security_group.DevOps-EC2-SG",
            "aws_subnet.private-subnet",
            "aws_subnet.public-subnet",
            "aws_vpc.DevOps-VPC"
          ]
        },
        {
          "index_key": 1,
          "schema_version": 0,
          "attributes": {
            "gateway_id": null,
            "id": "rtbassoc-0bab34917c80c5db3",
            "route_table_id": "rtb-0b3380458f435432a",
            "subnet_id": "subnet-0111395eec02e3d82"
          },
          "private": "bnVsbA==",
          "dependencies": [
            "aws_instance.DevOps-Nat",
            "aws_route_table.DevOps-Private-RT",
            "aws_security_group.DevOps-EC2-SG",
            "aws_subnet.private-subnet",
            "aws_subnet.public-subnet",
            "aws_vpc.DevOps-VPC"
          ]
        }
      ]
    },
    {
      "mode": "managed",
      "type": "aws_security_group",
      "name": "DevOps-EC2-SG",
      "provider": "provider.aws",
      "instances": [
        {
          "schema_version": 1,
          "attributes": {
            "arn": "arn:aws:ec2:ap-south-1:437350138466:security-group/sg-0f736e37ffad43238",
            "description": "Used in the terraform for Ec2 access",
            "egress": [
              {
                "cidr_blocks": [
                  "0.0.0.0/0"
                ],
                "description": "",
                "from_port": 0,
                "ipv6_cidr_blocks": [],
                "prefix_list_ids": [],
                "protocol": "-1",
                "security_groups": [],
                "self": false,
                "to_port": 0
              }
            ],
            "id": "sg-0f736e37ffad43238",
            "ingress": [
              {
                "cidr_blocks": [
                  "0.0.0.0/0"
                ],
                "description": "",
                "from_port": 22,
                "ipv6_cidr_blocks": [],
                "prefix_list_ids": [],
                "protocol": "tcp",
                "security_groups": [],
                "self": false,
                "to_port": 22
              },
              {
                "cidr_blocks": [
                  "0.0.0.0/0"
                ],
                "description": "",
                "from_port": 8080,
                "ipv6_cidr_blocks": [],
                "prefix_list_ids": [],
                "protocol": "tcp",
                "security_groups": [],
                "self": false,
                "to_port": 8080
              },
              {
                "cidr_blocks": [
                  "0.0.0.0/0"
                ],
                "description": "",
                "from_port": 80,
                "ipv6_cidr_blocks": [],
                "prefix_list_ids": [],
                "protocol": "tcp",
                "security_groups": [],
                "self": false,
                "to_port": 80
              }
            ],
            "name": "terraform-20200427172953275500000002",
            "name_prefix": null,
            "owner_id": "437350138466",
            "revoke_rules_on_delete": false,
            "tags": {
              "Name": "DevOps-EC2-SG"
            },
            "timeouts": null,
            "vpc_id": "vpc-0a4d7c2d8df419422"
          },
          "private": "eyJlMmJmYjczMC1lY2FhLTExZTYtOGY4OC0zNDM2M2JjN2M0YzAiOnsiY3JlYXRlIjo2MDAwMDAwMDAwMDAsImRlbGV0ZSI6NjAwMDAwMDAwMDAwfSwic2NoZW1hX3ZlcnNpb24iOiIxIn0=",
          "dependencies": [
            "aws_vpc.DevOps-VPC"
          ]
        }
      ]
    },
    {
      "mode": "managed",
      "type": "aws_security_group",
      "name": "DevOps-ELB-SG",
      "provider": "provider.aws",
      "instances": [
        {
          "schema_version": 1,
          "attributes": {
            "arn": "arn:aws:ec2:ap-south-1:437350138466:security-group/sg-09c581cb06011eca8",
            "description": "Used in the terraform for ELB access",
            "egress": [
              {
                "cidr_blocks": [
                  "0.0.0.0/0"
                ],
                "description": "",
                "from_port": 0,
                "ipv6_cidr_blocks": [],
                "prefix_list_ids": [],
                "protocol": "-1",
                "security_groups": [],
                "self": false,
                "to_port": 0
              }
            ],
            "id": "sg-09c581cb06011eca8",
            "ingress": [
              {
                "cidr_blocks": [
                  "0.0.0.0/0"
                ],
                "description": "",
                "from_port": 80,
                "ipv6_cidr_blocks": [],
                "prefix_list_ids": [],
                "protocol": "tcp",
                "security_groups": [],
                "self": false,
                "to_port": 80
              }
            ],
            "name": "terraform-20200427172953272100000001",
            "name_prefix": null,
            "owner_id": "437350138466",
            "revoke_rules_on_delete": false,
            "tags": {
              "Name": "DevOps-ELB-SG"
            },
            "timeouts": null,
            "vpc_id": "vpc-0a4d7c2d8df419422"
          },
          "private": "eyJlMmJmYjczMC1lY2FhLTExZTYtOGY4OC0zNDM2M2JjN2M0YzAiOnsiY3JlYXRlIjo2MDAwMDAwMDAwMDAsImRlbGV0ZSI6NjAwMDAwMDAwMDAwfSwic2NoZW1hX3ZlcnNpb24iOiIxIn0=",
          "dependencies": [
            "aws_vpc.DevOps-VPC"
          ]
        }
      ]
    },
    {
      "mode": "managed",
      "type": "aws_subnet",
      "name": "private-subnet",
      "each": "list",
      "provider": "provider.aws",
      "instances": [
        {
          "index_key": 0,
          "schema_version": 1,
          "attributes": {
            "arn": "arn:aws:ec2:ap-south-1:437350138466:subnet/subnet-023e4a862f89e9144",
            "assign_ipv6_address_on_creation": false,
            "availability_zone": "ap-south-1a",
            "availability_zone_id": "aps1-az1",
            "cidr_block": "10.10.3.0/24",
            "id": "subnet-023e4a862f89e9144",
            "ipv6_cidr_block": "",
            "ipv6_cidr_block_association_id": "",
            "map_public_ip_on_launch": false,
            "owner_id": "437350138466",
            "tags": {
              "Name": "DevOps-Private-Subnet1"
            },
            "timeouts": null,
            "vpc_id": "vpc-0a4d7c2d8df419422"
          },
          "private": "eyJlMmJmYjczMC1lY2FhLTExZTYtOGY4OC0zNDM2M2JjN2M0YzAiOnsiY3JlYXRlIjo2MDAwMDAwMDAwMDAsImRlbGV0ZSI6MTIwMDAwMDAwMDAwMH0sInNjaGVtYV92ZXJzaW9uIjoiMSJ9",
          "dependencies": [
            "aws_vpc.DevOps-VPC"
          ]
        },
        {
          "index_key": 1,
          "schema_version": 1,
          "attributes": {
            "arn": "arn:aws:ec2:ap-south-1:437350138466:subnet/subnet-0111395eec02e3d82",
            "assign_ipv6_address_on_creation": false,
            "availability_zone": "ap-south-1b",
            "availability_zone_id": "aps1-az3",
            "cidr_block": "10.10.4.0/24",
            "id": "subnet-0111395eec02e3d82",
            "ipv6_cidr_block": "",
            "ipv6_cidr_block_association_id": "",
            "map_public_ip_on_launch": false,
            "owner_id": "437350138466",
            "tags": {
              "Name": "DevOps-Private-Subnet2"
            },
            "timeouts": null,
            "vpc_id": "vpc-0a4d7c2d8df419422"
          },
          "private": "eyJlMmJmYjczMC1lY2FhLTExZTYtOGY4OC0zNDM2M2JjN2M0YzAiOnsiY3JlYXRlIjo2MDAwMDAwMDAwMDAsImRlbGV0ZSI6MTIwMDAwMDAwMDAwMH0sInNjaGVtYV92ZXJzaW9uIjoiMSJ9",
          "dependencies": [
            "aws_vpc.DevOps-VPC"
          ]
        }
      ]
    },
    {
      "mode": "managed",
      "type": "aws_subnet",
      "name": "public-subnet",
      "each": "list",
      "provider": "provider.aws",
      "instances": [
        {
          "index_key": 0,
          "schema_version": 1,
          "attributes": {
            "arn": "arn:aws:ec2:ap-south-1:437350138466:subnet/subnet-0eae7594cc9305439",
            "assign_ipv6_address_on_creation": false,
            "availability_zone": "ap-south-1a",
            "availability_zone_id": "aps1-az1",
            "cidr_block": "10.10.1.0/24",
            "id": "subnet-0eae7594cc9305439",
            "ipv6_cidr_block": "",
            "ipv6_cidr_block_association_id": "",
            "map_public_ip_on_launch": true,
            "owner_id": "437350138466",
            "tags": {
              "Name": "DevOps-Public-Subnet1"
            },
            "timeouts": null,
            "vpc_id": "vpc-0a4d7c2d8df419422"
          },
          "private": "eyJlMmJmYjczMC1lY2FhLTExZTYtOGY4OC0zNDM2M2JjN2M0YzAiOnsiY3JlYXRlIjo2MDAwMDAwMDAwMDAsImRlbGV0ZSI6MTIwMDAwMDAwMDAwMH0sInNjaGVtYV92ZXJzaW9uIjoiMSJ9",
          "dependencies": [
            "aws_vpc.DevOps-VPC"
          ]
        },
        {
          "index_key": 1,
          "schema_version": 1,
          "attributes": {
            "arn": "arn:aws:ec2:ap-south-1:437350138466:subnet/subnet-01f613e517d833926",
            "assign_ipv6_address_on_creation": false,
            "availability_zone": "ap-south-1b",
            "availability_zone_id": "aps1-az3",
            "cidr_block": "10.10.2.0/24",
            "id": "subnet-01f613e517d833926",
            "ipv6_cidr_block": "",
            "ipv6_cidr_block_association_id": "",
            "map_public_ip_on_launch": true,
            "owner_id": "437350138466",
            "tags": {
              "Name": "DevOps-Public-Subnet2"
            },
            "timeouts": null,
            "vpc_id": "vpc-0a4d7c2d8df419422"
          },
          "private": "eyJlMmJmYjczMC1lY2FhLTExZTYtOGY4OC0zNDM2M2JjN2M0YzAiOnsiY3JlYXRlIjo2MDAwMDAwMDAwMDAsImRlbGV0ZSI6MTIwMDAwMDAwMDAwMH0sInNjaGVtYV92ZXJzaW9uIjoiMSJ9",
          "dependencies": [
            "aws_vpc.DevOps-VPC"
          ]
        }
      ]
    },
    {
      "mode": "managed",
      "type": "aws_vpc",
      "name": "DevOps-VPC",
      "provider": "provider.aws",
      "instances": [
        {
          "schema_version": 1,
          "attributes": {
            "arn": "arn:aws:ec2:ap-south-1:437350138466:vpc/vpc-0a4d7c2d8df419422",
            "assign_generated_ipv6_cidr_block": false,
            "cidr_block": "10.10.0.0/16",
            "default_network_acl_id": "acl-055aec275b0913231",
            "default_route_table_id": "rtb-04c592dd9dcf099ba",
            "default_security_group_id": "sg-09e931e3baab71228",
            "dhcp_options_id": "dopt-052e3f6d",
            "enable_classiclink": null,
            "enable_classiclink_dns_support": null,
            "enable_dns_hostnames": false,
            "enable_dns_support": true,
            "id": "vpc-0a4d7c2d8df419422",
            "instance_tenancy": "default",
            "ipv6_association_id": "",
            "ipv6_cidr_block": "",
            "main_route_table_id": "rtb-04c592dd9dcf099ba",
            "owner_id": "437350138466",
            "tags": {
              "Name": "DevOps-VPC"
            }
          },
          "private": "eyJzY2hlbWFfdmVyc2lvbiI6IjEifQ=="
        }
      ]
    }
  ]
}
